
Microsoft Visual Studio Solution File, Format Version 12.00
# Visual Studio Version 17
VisualStudioVersion = 17.7.34202.233
MinimumVisualStudioVersion = 10.0.40219.1
Project("{FAE04EC0-301F-11D3-BF4B-00C04F79EFBC}") = "ooobject", "ooobject\ooobject.csproj", "{62314314-62E0-4F8F-8CE4-3D206A122ADA}"
EndProject
Global
	GlobalSection(SolutionConfigurationPlatforms) = preSolution
		Debug|Any CPU = Debug|Any CPU
		Release|Any CPU = Release|Any CPU
	EndGlobalSection
	GlobalSection(ProjectConfigurationPlatforms) = postSolution
		{62314314-62E0-4F8F-8CE4-3D206A122ADA}.Debug|Any CPU.ActiveCfg = Debug|Any CPU
		{62314314-62E0-4F8F-8CE4-3D206A122ADA}.Debug|Any CPU.Build.0 = Debug|Any CPU
		{62314314-62E0-4F8F-8CE4-3D206A122ADA}.Release|Any CPU.ActiveCfg = Release|Any CPU
		{62314314-62E0-4F8F-8CE4-3D206A122ADA}.Release|Any CPU.Build.0 = Release|Any CPU
	EndGlobalSection
	GlobalSection(SolutionProperties) = preSolution
		HideSolutionNode = FALSE
	EndGlobalSection
	GlobalSection(ExtensibilityGlobals) = postSolution
		SolutionGuid = {F9091FB2-1580-47CF-BA90-2653D41AE3BB}
	EndGlobalSection
EndGlobal
